<?xml version="1.0" encoding="utf-8"?>
<Project ToolsVersion="4.0" xmlns="http://schemas.microsoft.com/developer/msbuild/2003">
  <ItemGroup>
    <Filter Include="Source Files">
      <UniqueIdentifier>{4FC737F1-C7A5-4376-A066-2A32D752A2FF}</UniqueIdentifier>
      <Extensions>cpp;c;cc;cxx;c++;cppm;ixx;def;odl;idl;hpj;bat;asm;asmx</Extensions>
    </Filter>
    <Filter Include="Header Files">
      <UniqueIdentifier>{93995380-89BD-4b04-88EB-625FBE52EBFB}</UniqueIdentifier>
      <Extensions>h;hh;hpp;hxx;h++;hm;inl;inc;ipp;xsd</Extensions>
    </Filter>
    <Filter Include="Resource Files">
      <UniqueIdentifier>{67DA6AB6-F800-4c08-8B7A-83BB121AAD01}</UniqueIdentifier>
      <Extensions>rc;ico;cur;bmp;dlg;rc2;rct;bin;rgs;gif;jpg;jpeg;jpe;resx;tiff;tif;png;wav;mfcribbon-ms</Extensions>
    </Filter>
  </ItemGroup>
  <ItemGroup>
    <ClCompile Include="Student Registraion.cpp">
      <Filter>Header Files</Filter>
    </ClCompile>
    <ClCompile Include="Faculty Registration.cpp">
      <Filter>Header Files</Filter>
    </ClCompile>
    <ClCompile Include="Program.cpp">
      <Filter>Source Files</Filter>
    </ClCompile>
    <ClCompile Include="LoginForm.cpp">
      <Filter>Header Files</Filter>
    </ClCompile>
    <ClCompile Include="MDIForm.cpp">
      <Filter>Header Files</Filter>
    </ClCompile>
    <ClCompile Include="AdminDashboard.cpp">
      <Filter>Source Files</Filter>
    </ClCompile>
    <ClCompile Include="StudentDashboard.cpp">
      <Filter>Source Files</Filter>
    </ClCompile>
    <ClCompile Include="ManageStudents.cpp">
      <Filter>Source Files</Filter>
    </ClCompile>
    <ClCompile Include="FacultyManage.cpp">
      <Filter>Source Files</Filter>
    </ClCompile>
    <ClCompile Include="CourseManage.cpp">
      <Filter>Source Files</Filter>
    </ClCompile>
    <ClCompile Include="StudentDelete.cpp">
      <Filter>Source Files</Filter>
    </ClCompile>
    <ClCompile Include="StudentUpdate.cpp">
      <Filter>Source Files</Filter>
    </ClCompile>
    <ClCompile Include="facultyRegister.cpp">
      <Filter>Source Files</Filter>
    </ClCompile>
    <ClCompile Include="facultyDelete.cpp">
      <Filter>Source Files</Filter>
    </ClCompile>
    <ClCompile Include="facultyUpdate.cpp">
      <Filter>Source Files</Filter>
    </ClCompile>
    <ClCompile Include="CourseDelete.cpp">
      <Filter>Source Files</Filter>
    </ClCompile>
    <ClCompile Include="CourseAdding.cpp">
      <Filter>Source Files</Filter>
    </ClCompile>
    <ClCompile Include="CourseUpdate.cpp">
      <Filter>Source Files</Filter>
    </ClCompile>
    <ClCompile Include="Finacial.cpp">
      <Filter>Source Files</Filter>
    </ClCompile>
    <ClCompile Include="InsertDetails.cpp">
      <Filter>Source Files</Filter>
    </ClCompile>
    <ClCompile Include="UpdateDetails.cpp">
      <Filter>Source Files</Filter>
    </ClCompile>
    <ClCompile Include="FacultyCourse.cpp">
      <Filter>Source Files</Filter>
    </ClCompile>
    <ClCompile Include="FacultyGrades.cpp">
      <Filter>Source Files</Filter>
    </ClCompile>
    <ClCompile Include="FacutlyProfile.cpp">
      <Filter>Source Files</Filter>
    </ClCompile>
    <ClCompile Include="FacultyAccess.cpp">
      <Filter>Source Files</Filter>
    </ClCompile>
    <ClCompile Include="Upload.cpp">
      <Filter>Source Files</Filter>
    </ClCompile>
    <ClCompile Include="EnterGrades.cpp">
      <Filter>Source Files</Filter>
    </ClCompile>
    <ClCompile Include="ViewGrades.cpp">
      <Filter>Source Files</Filter>
    </ClCompile>
    <ClCompile Include="feePayment.cpp">
      <Filter>Source Files</Filter>
    </ClCompile>
    <ClCompile Include="StudentProfile.cpp">
      <Filter>Source Files</Filter>
    </ClCompile>
    <ClCompile Include="CourseRegistration.cpp">
      <Filter>Source Files</Filter>
    </ClCompile>
    <ClCompile Include="Transcript.cpp">
      <Filter>Source Files</Filter>
    </ClCompile>
  </ItemGroup>
  <ItemGroup>
    <ClInclude Include="StudentRegister.h">
      <Filter>Header Files</Filter>
    </ClInclude>
    <ClInclude Include="User Registration.h">
      <Filter>Header Files</Filter>
    </ClInclude>
    <ClInclude Include="User.h">
      <Filter>Header Files</Filter>
    </ClInclude>
    <ClInclude Include="LoginForm.h">
      <Filter>Header Files</Filter>
    </ClInclude>
    <ClInclude Include="MDIForm.h">
      <Filter>Header Files</Filter>
    </ClInclude>
    <ClInclude Include="AdminDashboard.h">
      <Filter>Header Files</Filter>
    </ClInclude>
    <ClInclude Include="FacultyDashboard.h">
      <Filter>Header Files</Filter>
    </ClInclude>
    <ClInclude Include="StudentDashboard.h">
      <Filter>Header Files</Filter>
    </ClInclude>
    <ClInclude Include="StudentManage.h">
      <Filter>Header Files</Filter>
    </ClInclude>
    <ClInclude Include="FacultyManage.h">
      <Filter>Header Files</Filter>
    </ClInclude>
    <ClInclude Include="CourseManage.h">
      <Filter>Header Files</Filter>
    </ClInclude>
    <ClInclude Include="StudentDelete.h">
      <Filter>Header Files</Filter>
    </ClInclude>
    <ClInclude Include="StudentUpdate.h">
      <Filter>Header Files</Filter>
    </ClInclude>
    <ClInclude Include="facultyRegister.h">
      <Filter>Header Files</Filter>
    </ClInclude>
    <ClInclude Include="facultyDelete.h">
      <Filter>Header Files</Filter>
    </ClInclude>
    <ClInclude Include="facultyUpdate.h">
      <Filter>Header Files</Filter>
    </ClInclude>
    <ClInclude Include="CourseDelete.h">
      <Filter>Header Files</Filter>
    </ClInclude>
    <ClInclude Include="CourseAdding.h">
      <Filter>Header Files</Filter>
    </ClInclude>
    <ClInclude Include="CourseUpdate.h">
      <Filter>Header Files</Filter>
    </ClInclude>
    <ClInclude Include="Finacial.h">
      <Filter>Header Files</Filter>
    </ClInclude>
    <ClInclude Include="InsertDetails.h">
      <Filter>Header Files</Filter>
    </ClInclude>
    <ClInclude Include="UpdateDetails.h">
      <Filter>Header Files</Filter>
    </ClInclude>
    <ClInclude Include="FacultyCourse.h">
      <Filter>Header Files</Filter>
    </ClInclude>
    <ClInclude Include="FacultyGrades.h">
      <Filter>Header Files</Filter>
    </ClInclude>
    <ClInclude Include="FacutlyProfile.h">
      <Filter>Header Files</Filter>
    </ClInclude>
    <ClInclude Include="FacultyAccess.h">
      <Filter>Header Files</Filter>
    </ClInclude>
    <ClInclude Include="Upload.h">
      <Filter>Header Files</Filter>
    </ClInclude>
    <ClInclude Include="EnterGrades.h">
      <Filter>Header Files</Filter>
    </ClInclude>
    <ClInclude Include="ViewGrades.h">
      <Filter>Header Files</Filter>
    </ClInclude>
    <ClInclude Include="feePayment.h">
      <Filter>Header Files</Filter>
    </ClInclude>
    <ClInclude Include="StudentProfile.h">
      <Filter>Header Files</Filter>
    </ClInclude>
    <ClInclude Include="CourseRegistration.h">
      <Filter>Header Files</Filter>
    </ClInclude>
    <ClInclude Include="Transcript.h">
      <Filter>Header Files</Filter>
    </ClInclude>
  </ItemGroup>
</Project>